
Microsoft Visual Studio Solution File, Format Version 12.00
# Visual Studio Version 16
VisualStudioVersion = 16.0.28729.10
MinimumVisualStudioVersion = 10.0.40219.1
Project("{FAE04EC0-301F-11D3-BF4B-00C04F79EFBC}") = "bankingapp", "bankingapp\bankingapp.csproj", "{317E1DBA-0579-4F9F-A494-AAA88CD6A69C}"
EndProject
Global
	GlobalSection(SolutionConfigurationPlatforms) = preSolution
		Debug|Any CPU = Debug|Any CPU
		Release|Any CPU = Release|Any CPU
	EndGlobalSection
	GlobalSection(ProjectConfigurationPlatforms) = postSolution
		{317E1DBA-0579-4F9F-A494-AAA88CD6A69C}.Debug|Any CPU.ActiveCfg = Debug|Any CPU
		{317E1DBA-0579-4F9F-A494-AAA88CD6A69C}.Debug|Any CPU.Build.0 = Debug|Any CPU
		{317E1DBA-0579-4F9F-A494-AAA88CD6A69C}.Release|Any CPU.ActiveCfg = Release|Any CPU
		{317E1DBA-0579-4F9F-A494-AAA88CD6A69C}.Release|Any CPU.Build.0 = Release|Any CPU
	EndGlobalSection
	GlobalSection(SolutionProperties) = preSolution
		HideSolutionNode = FALSE
	EndGlobalSection
	GlobalSection(ExtensibilityGlobals) = postSolution
		SolutionGuid = {25A0598F-007B-4C86-89B7-89DE626EFA4C}
	EndGlobalSection
EndGlobal
